# THIS IS AN AUTOGENERATED FILE. DO NOT EDIT THIS FILE DIRECTLY.
# yarn lockfile v1


svelte-scrollto@^0.2.0:
  version "0.2.0"
  resolved "https://registry.yarnpkg.com/svelte-scrollto/-/svelte-scrollto-0.2.0.tgz#a1da47876466796bba4533a4346537f752f01680"
  integrity sha512-l4K2E4jr6dXCODtZDCkpp/TzknVVoq8gecHM0UOOmihvLosczdyLuyDUhZ+U2HkhLWi7nnimuOstZSFKtXSpmA==
  dependencies:
    svelte "3.x"

svelte@3.x:
  version "3.24.1"
  resolved "https://registry.yarnpkg.com/svelte/-/svelte-3.24.1.tgz#aca364937dd1df27fe131e2a4c234acb6061db4b"
  integrity sha512-OX/IBVUJSFo1rnznXdwf9rv6LReJ3qQ0PwRjj76vfUWyTfbHbR9OXqJBnUrpjyis2dwYcbT2Zm1DFjOOF1ZbbQ==
